
Microsoft Visual Studio Solution File, Format Version 12.00
# Visual Studio 15
VisualStudioVersion = 15.0.27130.2036
MinimumVisualStudioVersion = 10.0.40219.1
Project("{FAE04EC0-301F-11D3-BF4B-00C04F79EFBC}") = "ThreadPool", "ThreadPool\ThreadPool.csproj", "{F44EC5A4-02ED-4524-AEC5-7249BD2BD5D9}"
EndProject
Project("{FAE04EC0-301F-11D3-BF4B-00C04F79EFBC}") = "CancelableObjectPattern", "CancelableObject\CancelableObjectPattern.csproj", "{AE8FE817-ABCD-43D4-8823-7B7CB59D3177}"
EndProject
Global
	GlobalSection(SolutionConfigurationPlatforms) = preSolution
		Debug|Any CPU = Debug|Any CPU
		Release|Any CPU = Release|Any CPU
	EndGlobalSection
	GlobalSection(ProjectConfigurationPlatforms) = postSolution
		{F44EC5A4-02ED-4524-AEC5-7249BD2BD5D9}.Debug|Any CPU.ActiveCfg = Debug|Any CPU
		{F44EC5A4-02ED-4524-AEC5-7249BD2BD5D9}.Debug|Any CPU.Build.0 = Debug|Any CPU
		{F44EC5A4-02ED-4524-AEC5-7249BD2BD5D9}.Release|Any CPU.ActiveCfg = Release|Any CPU
		{F44EC5A4-02ED-4524-AEC5-7249BD2BD5D9}.Release|Any CPU.Build.0 = Release|Any CPU
		{AE8FE817-ABCD-43D4-8823-7B7CB59D3177}.Debug|Any CPU.ActiveCfg = Debug|Any CPU
		{AE8FE817-ABCD-43D4-8823-7B7CB59D3177}.Debug|Any CPU.Build.0 = Debug|Any CPU
		{AE8FE817-ABCD-43D4-8823-7B7CB59D3177}.Release|Any CPU.ActiveCfg = Release|Any CPU
		{AE8FE817-ABCD-43D4-8823-7B7CB59D3177}.Release|Any CPU.Build.0 = Release|Any CPU
	EndGlobalSection
	GlobalSection(SolutionProperties) = preSolution
		HideSolutionNode = FALSE
	EndGlobalSection
	GlobalSection(ExtensibilityGlobals) = postSolution
		SolutionGuid = {C8A009A7-EFCF-4311-9190-26CFC8FE9F4D}
	EndGlobalSection
EndGlobal
