
Microsoft Visual Studio Solution File, Format Version 12.00
# Visual Studio 15
VisualStudioVersion = 15.0.27130.2036
MinimumVisualStudioVersion = 10.0.40219.1
Project("{FAE04EC0-301F-11D3-BF4B-00C04F79EFBC}") = "ThreadPool", "ThreadPool\ThreadPool.csproj", "{F44EC5A4-02ED-4524-AEC5-7249BD2BD5D9}"
EndProject
Project("{FAE04EC0-301F-11D3-BF4B-00C04F79EFBC}") = "CancelableObjectPattern", "CancelableObject\CancelableObjectPattern.csproj", "{AE8FE817-ABCD-43D4-8823-7B7CB59D3177}"
EndProject
Project("{FAE04EC0-301F-11D3-BF4B-00C04F79EFBC}") = "CancelTask", "CancelTask\CancelTask.csproj", "{12357206-059F-4389-9C1E-95DBEBDDF413}"
EndProject
Project("{FAE04EC0-301F-11D3-BF4B-00C04F79EFBC}") = "CancelByPollingExample", "CancelByPollingExample\CancelByPollingExample.csproj", "{731DAB6C-6378-4228-A80B-CB0E156FB3D3}"
EndProject
Project("{FAE04EC0-301F-11D3-BF4B-00C04F79EFBC}") = "CancelByCallback", "CancelByCallback\CancelByCallback.csproj", "{431EECB6-A6D3-4B52-B83A-40EED83D03C3}"
EndProject
Project("{FAE04EC0-301F-11D3-BF4B-00C04F79EFBC}") = "CancelWaitEventhandle", "CancelWaitEventhandle\CancelWaitEventhandle.csproj", "{C953E3F7-1EC9-4150-89CE-DA180D73B6C4}"
EndProject
Global
	GlobalSection(SolutionConfigurationPlatforms) = preSolution
		Debug|Any CPU = Debug|Any CPU
		Release|Any CPU = Release|Any CPU
	EndGlobalSection
	GlobalSection(ProjectConfigurationPlatforms) = postSolution
		{F44EC5A4-02ED-4524-AEC5-7249BD2BD5D9}.Debug|Any CPU.ActiveCfg = Debug|Any CPU
		{F44EC5A4-02ED-4524-AEC5-7249BD2BD5D9}.Debug|Any CPU.Build.0 = Debug|Any CPU
		{F44EC5A4-02ED-4524-AEC5-7249BD2BD5D9}.Release|Any CPU.ActiveCfg = Release|Any CPU
		{F44EC5A4-02ED-4524-AEC5-7249BD2BD5D9}.Release|Any CPU.Build.0 = Release|Any CPU
		{AE8FE817-ABCD-43D4-8823-7B7CB59D3177}.Debug|Any CPU.ActiveCfg = Debug|Any CPU
		{AE8FE817-ABCD-43D4-8823-7B7CB59D3177}.Debug|Any CPU.Build.0 = Debug|Any CPU
		{AE8FE817-ABCD-43D4-8823-7B7CB59D3177}.Release|Any CPU.ActiveCfg = Release|Any CPU
		{AE8FE817-ABCD-43D4-8823-7B7CB59D3177}.Release|Any CPU.Build.0 = Release|Any CPU
		{12357206-059F-4389-9C1E-95DBEBDDF413}.Debug|Any CPU.ActiveCfg = Debug|Any CPU
		{12357206-059F-4389-9C1E-95DBEBDDF413}.Debug|Any CPU.Build.0 = Debug|Any CPU
		{12357206-059F-4389-9C1E-95DBEBDDF413}.Release|Any CPU.ActiveCfg = Release|Any CPU
		{12357206-059F-4389-9C1E-95DBEBDDF413}.Release|Any CPU.Build.0 = Release|Any CPU
		{731DAB6C-6378-4228-A80B-CB0E156FB3D3}.Debug|Any CPU.ActiveCfg = Debug|Any CPU
		{731DAB6C-6378-4228-A80B-CB0E156FB3D3}.Debug|Any CPU.Build.0 = Debug|Any CPU
		{731DAB6C-6378-4228-A80B-CB0E156FB3D3}.Release|Any CPU.ActiveCfg = Release|Any CPU
		{731DAB6C-6378-4228-A80B-CB0E156FB3D3}.Release|Any CPU.Build.0 = Release|Any CPU
		{431EECB6-A6D3-4B52-B83A-40EED83D03C3}.Debug|Any CPU.ActiveCfg = Debug|Any CPU
		{431EECB6-A6D3-4B52-B83A-40EED83D03C3}.Debug|Any CPU.Build.0 = Debug|Any CPU
		{431EECB6-A6D3-4B52-B83A-40EED83D03C3}.Release|Any CPU.ActiveCfg = Release|Any CPU
		{431EECB6-A6D3-4B52-B83A-40EED83D03C3}.Release|Any CPU.Build.0 = Release|Any CPU
		{C953E3F7-1EC9-4150-89CE-DA180D73B6C4}.Debug|Any CPU.ActiveCfg = Debug|Any CPU
		{C953E3F7-1EC9-4150-89CE-DA180D73B6C4}.Debug|Any CPU.Build.0 = Debug|Any CPU
		{C953E3F7-1EC9-4150-89CE-DA180D73B6C4}.Release|Any CPU.ActiveCfg = Release|Any CPU
		{C953E3F7-1EC9-4150-89CE-DA180D73B6C4}.Release|Any CPU.Build.0 = Release|Any CPU
	EndGlobalSection
	GlobalSection(SolutionProperties) = preSolution
		HideSolutionNode = FALSE
	EndGlobalSection
	GlobalSection(ExtensibilityGlobals) = postSolution
		SolutionGuid = {C8A009A7-EFCF-4311-9190-26CFC8FE9F4D}
	EndGlobalSection
EndGlobal
